{"version":4,"terraform_version":"1.9.0","serial":67,"lineage":"a4331b37-26f6-be47-5f4a-bb7ee339540d","outputs":{"ns":{"value":{"friikod.se":["guss.ns.cloudflare.com","vivienne.ns.cloudflare.com"],"ladugardlive.se":["guss.ns.cloudflare.com","vivienne.ns.cloudflare.com"]},"type":["object",{"friikod.se":["list","string"],"ladugardlive.se":["list","string"]}]},"terraflake":{"value":{"domains":{"calc-api":"calc.friikod.se","friikod":"friikod.se","ladugardlive":"ladugardlive.se","meili":"meili.friikod.se","uno-api":"unoapi.friikod.se"},"ip":"68.183.10.97","label":"seed","name":"vps1","provider":"digitalocean","ssh_key":"ssh-ed25519 AAAAC3NzaC1lZDI1NTE5AAAAIFysqYr51xIHAb53EaGG8W8uLVJXGsJ77yW3WS+mkZaH bravo-ops-admin"},"type":["object",{"domains":["object",{"calc-api":"string","friikod":"string","ladugardlive":"string","meili":"string","uno-api":"string"}],"ip":"string","label":"string","name":"string","provider":"string","ssh_key":"string"}]}},"resources":[{"module":"module.dns_friikod_se","mode":"managed","type":"cloudflare_record","name":"default","provider":"provider[\"registry.opentofu.org/cloudflare/cloudflare\"]","instances":[{"schema_version":3,"attributes":{"allow_overwrite":false,"comment":"","content":"68.183.10.97","created_on":"2024-11-08T13:49:00.851741Z","data":[],"hostname":"friikod.se","id":"f1dcd24d8b37fc8400e9c552afa53138","metadata":{},"modified_on":"2024-11-08T13:49:00.851741Z","name":"friikod.se","priority":null,"proxiable":true,"proxied":false,"tags":[],"timeouts":null,"ttl":1,"type":"A","value":"68.183.10.97","zone_id":"412e5fb3214f52d2e473ac47261eda50"},"sensitive_attributes":[],"private":"eyJlMmJmYjczMC1lY2FhLTExZTYtOGY4OC0zNDM2M2JjN2M0YzAiOnsiY3JlYXRlIjozMDAwMDAwMDAwMCwidXBkYXRlIjozMDAwMDAwMDAwMH0sInNjaGVtYV92ZXJzaW9uIjoiMyJ9","dependencies":["module.dns_friikod_se.cloudflare_zone.default","module.vps1.digitalocean_droplet.nixos","module.vps1.digitalocean_ssh_key.default"]}]},{"module":"module.dns_friikod_se","mode":"managed","type":"cloudflare_record","name":"subdomains","provider":"provider[\"registry.opentofu.org/cloudflare/cloudflare\"]","instances":[{"index_key":0,"schema_version":3,"attributes":{"allow_overwrite":false,"comment":"","content":"68.183.10.97","created_on":"2024-11-08T13:49:00.652697Z","data":[],"hostname":"www.friikod.se","id":"c40d8866f61b386e302e041efaca2201","metadata":{},"modified_on":"2024-11-08T13:49:00.652697Z","name":"www","priority":null,"proxiable":true,"proxied":false,"tags":[],"timeouts":null,"ttl":1,"type":"A","value":"68.183.10.97","zone_id":"412e5fb3214f52d2e473ac47261eda50"},"sensitive_attributes":[],"private":"eyJlMmJmYjczMC1lY2FhLTExZTYtOGY4OC0zNDM2M2JjN2M0YzAiOnsiY3JlYXRlIjozMDAwMDAwMDAwMCwidXBkYXRlIjozMDAwMDAwMDAwMH0sInNjaGVtYV92ZXJzaW9uIjoiMyJ9","dependencies":["module.dns_friikod_se.cloudflare_zone.default","module.vps1.digitalocean_droplet.nixos","module.vps1.digitalocean_ssh_key.default"]},{"index_key":1,"schema_version":3,"attributes":{"allow_overwrite":false,"comment":"","content":"68.183.10.97","created_on":"2024-11-19T18:58:27.17985Z","data":[],"hostname":"unoapi.friikod.se","id":"11d3b509cc5e144fa5704f573d31913f","metadata":{},"modified_on":"2024-11-19T18:58:27.17985Z","name":"unoapi","priority":null,"proxiable":true,"proxied":false,"tags":[],"timeouts":null,"ttl":1,"type":"A","value":"68.183.10.97","zone_id":"412e5fb3214f52d2e473ac47261eda50"},"sensitive_attributes":[],"private":"eyJlMmJmYjczMC1lY2FhLTExZTYtOGY4OC0zNDM2M2JjN2M0YzAiOnsiY3JlYXRlIjozMDAwMDAwMDAwMCwidXBkYXRlIjozMDAwMDAwMDAwMH0sInNjaGVtYV92ZXJzaW9uIjoiMyJ9","dependencies":["module.dns_friikod_se.cloudflare_zone.default","module.vps1.digitalocean_droplet.nixos","module.vps1.digitalocean_ssh_key.default"]},{"index_key":2,"schema_version":3,"attributes":{"allow_overwrite":false,"comment":"","content":"68.183.10.97","created_on":"2024-11-21T21:17:49.179406Z","data":[],"hostname":"calc.friikod.se","id":"b6ee440553cb2883b4e493f7c6b81f53","metadata":{},"modified_on":"2024-11-21T21:17:49.179406Z","name":"calc","priority":null,"proxiable":true,"proxied":false,"tags":[],"timeouts":null,"ttl":1,"type":"A","value":"68.183.10.97","zone_id":"412e5fb3214f52d2e473ac47261eda50"},"sensitive_attributes":[],"private":"eyJlMmJmYjczMC1lY2FhLTExZTYtOGY4OC0zNDM2M2JjN2M0YzAiOnsiY3JlYXRlIjozMDAwMDAwMDAwMCwidXBkYXRlIjozMDAwMDAwMDAwMH0sInNjaGVtYV92ZXJzaW9uIjoiMyJ9","dependencies":["module.dns_friikod_se.cloudflare_zone.default","module.vps1.digitalocean_droplet.nixos","module.vps1.digitalocean_ssh_key.default"]},{"index_key":3,"schema_version":3,"attributes":{"allow_overwrite":false,"comment":"","content":"68.183.10.97","created_on":"2025-02-07T08:59:59.012458Z","data":[],"hostname":"meili.friikod.se","id":"19b84e840f439516c6e2f2e4b8f65bfe","metadata":{},"modified_on":"2025-02-07T08:59:59.012458Z","name":"meili","priority":null,"proxiable":true,"proxied":false,"tags":[],"timeouts":null,"ttl":1,"type":"A","value":null,"zone_id":"412e5fb3214f52d2e473ac47261eda50"},"sensitive_attributes":[],"private":"eyJlMmJmYjczMC1lY2FhLTExZTYtOGY4OC0zNDM2M2JjN2M0YzAiOnsiY3JlYXRlIjozMDAwMDAwMDAwMCwidXBkYXRlIjozMDAwMDAwMDAwMH0sInNjaGVtYV92ZXJzaW9uIjoiMyJ9","dependencies":["module.dns_friikod_se.cloudflare_zone.default","module.vps1.digitalocean_droplet.nixos","module.vps1.digitalocean_ssh_key.default"]},{"index_key":4,"schema_version":3,"attributes":{"allow_overwrite":false,"comment":"","content":"68.183.10.97","created_on":"2025-02-09T12:47:18.7237Z","data":[],"hostname":"enshrouded.friikod.se","id":"91282c8ca7f0add48d2e677846ef77f6","metadata":{},"modified_on":"2025-02-09T12:47:18.7237Z","name":"enshrouded","priority":null,"proxiable":true,"proxied":false,"tags":[],"timeouts":null,"ttl":1,"type":"A","value":null,"zone_id":"412e5fb3214f52d2e473ac47261eda50"},"sensitive_attributes":[],"private":"eyJlMmJmYjczMC1lY2FhLTExZTYtOGY4OC0zNDM2M2JjN2M0YzAiOnsiY3JlYXRlIjozMDAwMDAwMDAwMCwidXBkYXRlIjozMDAwMDAwMDAwMH0sInNjaGVtYV92ZXJzaW9uIjoiMyJ9","dependencies":["module.dns_friikod_se.cloudflare_zone.default","module.vps1.digitalocean_droplet.nixos","module.vps1.digitalocean_ssh_key.default"]}]},{"module":"module.dns_friikod_se","mode":"managed","type":"cloudflare_zone","name":"default","provider":"provider[\"registry.opentofu.org/cloudflare/cloudflare\"]","instances":[{"schema_version":0,"attributes":{"account_id":"912391589165daea759d3cdcea0c7ced","id":"412e5fb3214f52d2e473ac47261eda50","jump_start":null,"meta":{"phishing_detected":false,"wildcard_proxiable":false},"name_servers":["guss.ns.cloudflare.com","vivienne.ns.cloudflare.com"],"paused":false,"plan":"free","status":"active","type":"full","vanity_name_servers":[],"verification_key":"","zone":"friikod.se"},"sensitive_attributes":[],"private":"eyJzY2hlbWFfdmVyc2lvbiI6IjAifQ=="}]},{"module":"module.dns_ladugard_se","mode":"managed","type":"cloudflare_record","name":"default","provider":"provider[\"registry.opentofu.org/cloudflare/cloudflare\"]","instances":[{"schema_version":3,"attributes":{"allow_overwrite":false,"comment":"","content":"68.183.10.97","created_on":"2024-11-10T21:27:45.048259Z","data":[],"hostname":"ladugardlive.se","id":"b0dd24b7a7a099edb5c2073373cedf2e","metadata":{},"modified_on":"2024-11-10T21:27:45.048259Z","name":"ladugardlive.se","priority":null,"proxiable":true,"proxied":false,"tags":[],"timeouts":null,"ttl":1,"type":"A","value":"68.183.10.97","zone_id":"902769e71cc259d8e726426148358070"},"sensitive_attributes":[],"private":"eyJlMmJmYjczMC1lY2FhLTExZTYtOGY4OC0zNDM2M2JjN2M0YzAiOnsiY3JlYXRlIjozMDAwMDAwMDAwMCwidXBkYXRlIjozMDAwMDAwMDAwMH0sInNjaGVtYV92ZXJzaW9uIjoiMyJ9","dependencies":["module.dns_ladugard_se.cloudflare_zone.default","module.vps1.digitalocean_droplet.nixos","module.vps1.digitalocean_ssh_key.default"]}]},{"module":"module.dns_ladugard_se","mode":"managed","type":"cloudflare_record","name":"subdomains","provider":"provider[\"registry.opentofu.org/cloudflare/cloudflare\"]","instances":[{"index_key":0,"schema_version":3,"attributes":{"allow_overwrite":false,"comment":"","content":"68.183.10.97","created_on":"2024-11-10T21:27:44.844218Z","data":[],"hostname":"www.ladugardlive.se","id":"910327ea032301a1ef32394afd7f6ca5","metadata":{},"modified_on":"2024-11-10T21:27:44.844218Z","name":"www","priority":null,"proxiable":true,"proxied":false,"tags":[],"timeouts":null,"ttl":1,"type":"A","value":"68.183.10.97","zone_id":"902769e71cc259d8e726426148358070"},"sensitive_attributes":[],"private":"eyJlMmJmYjczMC1lY2FhLTExZTYtOGY4OC0zNDM2M2JjN2M0YzAiOnsiY3JlYXRlIjozMDAwMDAwMDAwMCwidXBkYXRlIjozMDAwMDAwMDAwMH0sInNjaGVtYV92ZXJzaW9uIjoiMyJ9","dependencies":["module.dns_ladugard_se.cloudflare_zone.default","module.vps1.digitalocean_droplet.nixos","module.vps1.digitalocean_ssh_key.default"]}]},{"module":"module.dns_ladugard_se","mode":"managed","type":"cloudflare_zone","name":"default","provider":"provider[\"registry.opentofu.org/cloudflare/cloudflare\"]","instances":[{"schema_version":0,"attributes":{"account_id":"912391589165daea759d3cdcea0c7ced","id":"902769e71cc259d8e726426148358070","jump_start":null,"meta":{"phishing_detected":false,"wildcard_proxiable":false},"name_servers":["guss.ns.cloudflare.com","vivienne.ns.cloudflare.com"],"paused":false,"plan":"free","status":"active","type":"full","vanity_name_servers":[],"verification_key":"","zone":"ladugardlive.se"},"sensitive_attributes":[],"private":"eyJzY2hlbWFfdmVyc2lvbiI6IjAifQ=="}]},{"module":"module.vps1","mode":"managed","type":"digitalocean_droplet","name":"nixos","provider":"provider[\"registry.opentofu.org/digitalocean/digitalocean\"]","instances":[{"schema_version":1,"attributes":{"backup_policy":[],"backups":false,"created_at":"2024-11-08T13:47:35Z","disk":80,"droplet_agent":null,"graceful_shutdown":false,"id":"456622609","image":"ubuntu-24-04-x64","ipv4_address":"68.183.10.97","ipv4_address_private":"10.110.0.3","ipv6":false,"ipv6_address":"","locked":false,"memory":4096,"monitoring":false,"name":"vps1","price_hourly":0.03571,"price_monthly":24,"private_networking":true,"region":"ams3","resize_disk":true,"size":"s-2vcpu-4gb","ssh_keys":["15:8c:fa:6e:df:c5:46:12:a8:b9:d2:6a:86:d1:de:15"],"status":"active","tags":[],"timeouts":null,"urn":"do:droplet:456622609","user_data":null,"vcpus":2,"volume_ids":[],"vpc_uuid":"5f79fb3d-5d20-4843-90e0-462132a24fdc"},"sensitive_attributes":[],"private":"eyJlMmJmYjczMC1lY2FhLTExZTYtOGY4OC0zNDM2M2JjN2M0YzAiOnsiY3JlYXRlIjozNjAwMDAwMDAwMDAwLCJkZWxldGUiOjYwMDAwMDAwMDAwLCJ1cGRhdGUiOjM2MDAwMDAwMDAwMDB9LCJzY2hlbWFfdmVyc2lvbiI6IjEifQ==","dependencies":["module.vps1.digitalocean_ssh_key.default"]}]},{"module":"module.vps1","mode":"managed","type":"digitalocean_ssh_key","name":"default","provider":"provider[\"registry.opentofu.org/digitalocean/digitalocean\"]","instances":[{"schema_version":0,"attributes":{"fingerprint":"15:8c:fa:6e:df:c5:46:12:a8:b9:d2:6a:86:d1:de:15","id":"44032721","name":"Server SSH key","public_key":"ssh-ed25519 AAAAC3NzaC1lZDI1NTE5AAAAIFysqYr51xIHAb53EaGG8W8uLVJXGsJ77yW3WS+mkZaH bravo-ops-admin","timeouts":null},"sensitive_attributes":[],"private":"bnVsbA=="}]}],"check_results":null}
