{"version":4,"terraform_version":"1.9.0","serial":84,"lineage":"a4331b37-26f6-be47-5f4a-bb7ee339540d","outputs":{"ns":{"value":{"friikod.se":["guss.ns.cloudflare.com","vivienne.ns.cloudflare.com"],"ladugardlive.se":["guss.ns.cloudflare.com","vivienne.ns.cloudflare.com"]},"type":["object",{"friikod.se":["list","string"],"ladugardlive.se":["list","string"]}]},"terraflake":{"value":[{"domains":{"auth-server":"auth-server.friikod.se","calc-api":"calc.friikod.se","friikod":"friikod.se","ladugardlive":"ladugardlive.se","next":"next.friikod.se","strapi":"strapi.friikod.se"},"ip":"37.27.186.30","label":"seed","name":"hetzvps","provider":"hetznercloud","ssh_key":"ssh-ed25519 AAAAC3NzaC1lZDI1NTE5AAAAICGavKgHzlln0r9APH/vyVQ5uGB+BXR6ybHoiAdLS+DY linus@nixos"}],"type":["tuple",[["object",{"domains":["object",{"auth-server":"string","calc-api":"string","friikod":"string","ladugardlive":"string","next":"string","strapi":"string"}],"ip":"string","label":"string","name":"string","provider":"string","ssh_key":"string"}]]]}},"resources":[{"module":"module.dns_friikod_se","mode":"managed","type":"cloudflare_record","name":"default","provider":"provider[\"registry.opentofu.org/cloudflare/cloudflare\"]","instances":[{"schema_version":3,"attributes":{"allow_overwrite":false,"comment":"","content":"37.27.186.30","created_on":"2024-11-08T13:49:00.851741Z","data":[],"hostname":"friikod.se","id":"f1dcd24d8b37fc8400e9c552afa53138","metadata":{},"modified_on":"2025-02-24T21:45:03.642822Z","name":"friikod.se","priority":null,"proxiable":true,"proxied":false,"tags":[],"timeouts":null,"ttl":1,"type":"A","value":"37.27.186.30","zone_id":"412e5fb3214f52d2e473ac47261eda50"},"sensitive_attributes":[],"private":"eyJlMmJmYjczMC1lY2FhLTExZTYtOGY4OC0zNDM2M2JjN2M0YzAiOnsiY3JlYXRlIjozMDAwMDAwMDAwMCwidXBkYXRlIjozMDAwMDAwMDAwMH0sInNjaGVtYV92ZXJzaW9uIjoiMyJ9","dependencies":["module.dns_friikod_se.cloudflare_zone.default","module.hetzvps.hcloud_server.nixos","module.hetzvps.hcloud_ssh_key.main"]}]},{"module":"module.dns_friikod_se","mode":"managed","type":"cloudflare_record","name":"subdomains","provider":"provider[\"registry.opentofu.org/cloudflare/cloudflare\"]","instances":[{"index_key":"auth-server","schema_version":3,"attributes":{"allow_overwrite":false,"comment":"","content":"37.27.186.30","created_on":"2025-02-27T19:21:44.422366Z","data":[],"hostname":"auth-server.friikod.se","id":"79fea4e6e220bc37c89be2edaea0b8d3","metadata":{},"modified_on":"2025-02-27T19:21:44.422366Z","name":"auth-server","priority":null,"proxiable":true,"proxied":false,"tags":[],"timeouts":null,"ttl":1,"type":"A","value":null,"zone_id":"412e5fb3214f52d2e473ac47261eda50"},"sensitive_attributes":[],"private":"eyJlMmJmYjczMC1lY2FhLTExZTYtOGY4OC0zNDM2M2JjN2M0YzAiOnsiY3JlYXRlIjozMDAwMDAwMDAwMCwidXBkYXRlIjozMDAwMDAwMDAwMH0sInNjaGVtYV92ZXJzaW9uIjoiMyJ9","dependencies":["module.dns_friikod_se.cloudflare_zone.default","module.hetzvps.hcloud_server.nixos","module.hetzvps.hcloud_ssh_key.main"]},{"index_key":"calc","schema_version":3,"attributes":{"allow_overwrite":false,"comment":"","content":"37.27.186.30","created_on":"2025-02-27T19:21:44.652913Z","data":[],"hostname":"calc.friikod.se","id":"94825ee78b2f483e5c70a26135489ca6","metadata":{},"modified_on":"2025-02-27T19:21:44.652913Z","name":"calc","priority":null,"proxiable":true,"proxied":false,"tags":[],"timeouts":null,"ttl":1,"type":"A","value":null,"zone_id":"412e5fb3214f52d2e473ac47261eda50"},"sensitive_attributes":[],"private":"eyJlMmJmYjczMC1lY2FhLTExZTYtOGY4OC0zNDM2M2JjN2M0YzAiOnsiY3JlYXRlIjozMDAwMDAwMDAwMCwidXBkYXRlIjozMDAwMDAwMDAwMH0sInNjaGVtYV92ZXJzaW9uIjoiMyJ9","dependencies":["module.dns_friikod_se.cloudflare_zone.default","module.hetzvps.hcloud_server.nixos","module.hetzvps.hcloud_ssh_key.main"]},{"index_key":"next","schema_version":3,"attributes":{"allow_overwrite":false,"comment":"","content":"37.27.186.30","created_on":"2025-05-22T19:04:05.072306Z","data":[],"hostname":"next.friikod.se","id":"bc9f159ae725e1620a3549817318ecd3","metadata":{},"modified_on":"2025-05-22T19:04:05.072306Z","name":"next","priority":null,"proxiable":true,"proxied":false,"tags":[],"timeouts":null,"ttl":1,"type":"A","value":null,"zone_id":"412e5fb3214f52d2e473ac47261eda50"},"sensitive_attributes":[],"private":"eyJlMmJmYjczMC1lY2FhLTExZTYtOGY4OC0zNDM2M2JjN2M0YzAiOnsiY3JlYXRlIjozMDAwMDAwMDAwMCwidXBkYXRlIjozMDAwMDAwMDAwMH0sInNjaGVtYV92ZXJzaW9uIjoiMyJ9","dependencies":["module.dns_friikod_se.cloudflare_zone.default","module.hetzvps.hcloud_server.nixos","module.hetzvps.hcloud_ssh_key.main"]},{"index_key":"strapi","schema_version":3,"attributes":{"allow_overwrite":false,"comment":"","content":"37.27.186.30","created_on":"2025-05-21T18:39:28.96327Z","data":[],"hostname":"strapi.friikod.se","id":"72f316dce8e83ad425676c295b58d8b8","metadata":{},"modified_on":"2025-05-21T18:39:28.96327Z","name":"strapi","priority":null,"proxiable":true,"proxied":false,"tags":[],"timeouts":null,"ttl":1,"type":"A","value":null,"zone_id":"412e5fb3214f52d2e473ac47261eda50"},"sensitive_attributes":[],"private":"eyJlMmJmYjczMC1lY2FhLTExZTYtOGY4OC0zNDM2M2JjN2M0YzAiOnsiY3JlYXRlIjozMDAwMDAwMDAwMCwidXBkYXRlIjozMDAwMDAwMDAwMH0sInNjaGVtYV92ZXJzaW9uIjoiMyJ9","dependencies":["module.dns_friikod_se.cloudflare_zone.default","module.hetzvps.hcloud_server.nixos","module.hetzvps.hcloud_ssh_key.main"]},{"index_key":"www","schema_version":3,"attributes":{"allow_overwrite":false,"comment":"","content":"37.27.186.30","created_on":"2025-02-27T19:21:43.858221Z","data":[],"hostname":"www.friikod.se","id":"1b7724165c20e608a57fb4084bf1ce6e","metadata":{},"modified_on":"2025-02-27T19:21:43.858221Z","name":"www","priority":null,"proxiable":true,"proxied":false,"tags":[],"timeouts":null,"ttl":1,"type":"A","value":null,"zone_id":"412e5fb3214f52d2e473ac47261eda50"},"sensitive_attributes":[],"private":"eyJlMmJmYjczMC1lY2FhLTExZTYtOGY4OC0zNDM2M2JjN2M0YzAiOnsiY3JlYXRlIjozMDAwMDAwMDAwMCwidXBkYXRlIjozMDAwMDAwMDAwMH0sInNjaGVtYV92ZXJzaW9uIjoiMyJ9","dependencies":["module.dns_friikod_se.cloudflare_zone.default","module.hetzvps.hcloud_server.nixos","module.hetzvps.hcloud_ssh_key.main"]}]},{"module":"module.dns_friikod_se","mode":"managed","type":"cloudflare_zone","name":"default","provider":"provider[\"registry.opentofu.org/cloudflare/cloudflare\"]","instances":[{"schema_version":0,"attributes":{"account_id":"912391589165daea759d3cdcea0c7ced","id":"412e5fb3214f52d2e473ac47261eda50","jump_start":null,"meta":{"phishing_detected":false,"wildcard_proxiable":false},"name_servers":["guss.ns.cloudflare.com","vivienne.ns.cloudflare.com"],"paused":false,"plan":"free","status":"active","type":"full","vanity_name_servers":[],"verification_key":"","zone":"friikod.se"},"sensitive_attributes":[],"private":"eyJzY2hlbWFfdmVyc2lvbiI6IjAifQ=="}]},{"module":"module.dns_ladugard_se","mode":"managed","type":"cloudflare_record","name":"default","provider":"provider[\"registry.opentofu.org/cloudflare/cloudflare\"]","instances":[{"schema_version":3,"attributes":{"allow_overwrite":false,"comment":"","content":"37.27.186.30","created_on":"2024-11-10T21:27:45.048259Z","data":[],"hostname":"ladugardlive.se","id":"b0dd24b7a7a099edb5c2073373cedf2e","metadata":{},"modified_on":"2025-02-24T21:45:03.692731Z","name":"ladugardlive.se","priority":null,"proxiable":true,"proxied":false,"tags":[],"timeouts":null,"ttl":1,"type":"A","value":"37.27.186.30","zone_id":"902769e71cc259d8e726426148358070"},"sensitive_attributes":[],"private":"eyJlMmJmYjczMC1lY2FhLTExZTYtOGY4OC0zNDM2M2JjN2M0YzAiOnsiY3JlYXRlIjozMDAwMDAwMDAwMCwidXBkYXRlIjozMDAwMDAwMDAwMH0sInNjaGVtYV92ZXJzaW9uIjoiMyJ9","dependencies":["module.dns_ladugard_se.cloudflare_zone.default","module.hetzvps.hcloud_server.nixos","module.hetzvps.hcloud_ssh_key.main"]}]},{"module":"module.dns_ladugard_se","mode":"managed","type":"cloudflare_record","name":"subdomains","provider":"provider[\"registry.opentofu.org/cloudflare/cloudflare\"]","instances":[{"index_key":"www","schema_version":3,"attributes":{"allow_overwrite":false,"comment":"","content":"37.27.186.30","created_on":"2025-02-27T19:21:44.283486Z","data":[],"hostname":"www.ladugardlive.se","id":"91107d213514a93b88032dfe0986af45","metadata":{},"modified_on":"2025-02-27T19:21:44.283486Z","name":"www","priority":null,"proxiable":true,"proxied":false,"tags":[],"timeouts":null,"ttl":1,"type":"A","value":null,"zone_id":"902769e71cc259d8e726426148358070"},"sensitive_attributes":[],"private":"eyJlMmJmYjczMC1lY2FhLTExZTYtOGY4OC0zNDM2M2JjN2M0YzAiOnsiY3JlYXRlIjozMDAwMDAwMDAwMCwidXBkYXRlIjozMDAwMDAwMDAwMH0sInNjaGVtYV92ZXJzaW9uIjoiMyJ9","dependencies":["module.dns_ladugard_se.cloudflare_zone.default","module.hetzvps.hcloud_server.nixos","module.hetzvps.hcloud_ssh_key.main"]}]},{"module":"module.dns_ladugard_se","mode":"managed","type":"cloudflare_zone","name":"default","provider":"provider[\"registry.opentofu.org/cloudflare/cloudflare\"]","instances":[{"schema_version":0,"attributes":{"account_id":"912391589165daea759d3cdcea0c7ced","id":"902769e71cc259d8e726426148358070","jump_start":null,"meta":{"phishing_detected":false,"wildcard_proxiable":false},"name_servers":["guss.ns.cloudflare.com","vivienne.ns.cloudflare.com"],"paused":false,"plan":"free","status":"active","type":"full","vanity_name_servers":[],"verification_key":"","zone":"ladugardlive.se"},"sensitive_attributes":[],"private":"eyJzY2hlbWFfdmVyc2lvbiI6IjAifQ=="}]},{"module":"module.hetzvps","mode":"managed","type":"hcloud_server","name":"nixos","provider":"provider[\"registry.opentofu.org/opentofu/hcloud\"]","instances":[{"schema_version":0,"attributes":{"allow_deprecated_images":false,"backup_window":"","backups":false,"datacenter":"hel1-dc2","delete_protection":false,"firewall_ids":[],"id":"60566838","ignore_remote_firewall_ids":false,"image":"ubuntu-22.04","ipv4_address":"37.27.186.30","ipv6_address":"2a01:4f9:c012:abe4::1","ipv6_network":"2a01:4f9:c012:abe4::/64","iso":null,"keep_disk":false,"labels":{"label":"seed"},"location":"hel1","name":"hetzvps","network":[],"placement_group_id":0,"primary_disk_size":160,"public_net":[{"ipv4":0,"ipv4_enabled":true,"ipv6":0,"ipv6_enabled":true}],"rebuild_protection":false,"rescue":null,"server_type":"cpx31","shutdown_before_deletion":false,"ssh_keys":["27645763"],"status":"running","timeouts":null,"user_data":null},"sensitive_attributes":[],"private":"eyJlMmJmYjczMC1lY2FhLTExZTYtOGY4OC0zNDM2M2JjN2M0YzAiOnsiY3JlYXRlIjo1NDAwMDAwMDAwMDAwfX0=","dependencies":["module.hetzvps.hcloud_ssh_key.main"]}]},{"module":"module.hetzvps","mode":"managed","type":"hcloud_ssh_key","name":"main","provider":"provider[\"registry.opentofu.org/opentofu/hcloud\"]","instances":[{"schema_version":0,"attributes":{"fingerprint":"b7:d3:aa:7a:6c:c3:ab:c3:fd:00:66:b6:7a:2e:c9:e0","id":"27645763","labels":{},"name":"main_ssh","public_key":"ssh-ed25519 AAAAC3NzaC1lZDI1NTE5AAAAICGavKgHzlln0r9APH/vyVQ5uGB+BXR6ybHoiAdLS+DY linus@nixos"},"sensitive_attributes":[]}]}],"check_results":null}
