{"version":4,"terraform_version":"1.11.8","serial":18,"lineage":"b6a2043f-d8b7-5194-0287-c41cdcd90a89","outputs":{"cloudflare_tunnel_token_friikod":{"value":"eyJhIjoiOTEyMzkxNTg5MTY1ZGFlYTc1OWQzY2RjZWEwYzdjZWQiLCJ0IjoiZTI0ODg0OWUtM2YzOC00ZjY1LTk0YTMtNTQwZWQyMDk0NTAzIiwicyI6IlVJOERJSlhpN1VkMjhLeCtVZEdqTUVwMWlGZDBabWtibUhGNU1ySitpUXVHOGlPeEdDaFhrcFNqUjlLVFBCZDBxYTdBMVBjby93b25tSTBydS9tM0N3PT0ifQ==","type":"string","sensitive":true},"terraflake":{"value":[{"domains":{"calc-api":"calc.friikod.se","conversions":"conversions.friikod.se","elin":"elin.friikod.se","friikod":"friikod.se","github-docs":"docs.friikod.se","handygleam":"handy-gleam.friikod.se","jellyfin":"jellyfin.friikod.se","keycloak":"keycloak.friikod.se","ladugardlive":"ladugardlive.se","ladugardlive-web":"web.ladugardlive.se","next":"next.friikod.se","nextcloud":"nextcloud.friikod.se","plantuml":"plantuml.friikod.se","plex":"plex.friikod.se","strapi":"strapi.friikod.se"},"ip":"37.27.30.194","ip6":"2a01:4f9:c012:1a59::1","label":"friikod","name":"hetzvps","provider":"hetznercloud","ssh_key":"ssh-ed25519 AAAAC3NzaC1lZDI1NTE5AAAAICGavKgHzlln0r9APH/vyVQ5uGB+BXR6ybHoiAdLS+DY linus@nixos"},{"domains":{},"ip":"62.238.23.131","ip6":"2a01:4f9:c013:d8a2::1","label":"friikodstage","name":"hetzvpsstage","provider":"hetznercloud","ssh_key":"ssh-ed25519 AAAAC3NzaC1lZDI1NTE5AAAAICGavKgHzlln0r9APH/vyVQ5uGB+BXR6ybHoiAdLS+DY linus@nixos"}],"type":["tuple",[["object",{"domains":["object",{"calc-api":"string","conversions":"string","elin":"string","friikod":"string","github-docs":"string","handygleam":"string","jellyfin":"string","keycloak":"string","ladugardlive":"string","ladugardlive-web":"string","next":"string","nextcloud":"string","plantuml":"string","plex":"string","strapi":"string"}],"ip":"string","ip6":"string","label":"string","name":"string","provider":"string","ssh_key":"string"}],["object",{"domains":["object",{}],"ip":"string","ip6":"string","label":"string","name":"string","provider":"string","ssh_key":"string"}]]]}},"resources":[{"mode":"managed","type":"cloudflare_r2_bucket","name":"jellyfinbucket","provider":"provider[\"registry.opentofu.org/hashicorp/cloudflare\"]","instances":[{"schema_version":0,"attributes":{"account_id":"912391589165daea759d3cdcea0c7ced","creation_date":"2026-02-10T08:42:43.115Z","id":"jellyfinbucket","jurisdiction":"default","location":"EEUR","name":"jellyfinbucket","storage_class":"Standard"},"sensitive_attributes":[]}]},{"mode":"managed","type":"cloudflare_r2_bucket","name":"nextcloudbucket","provider":"provider[\"registry.opentofu.org/hashicorp/cloudflare\"]","instances":[{"schema_version":0,"attributes":{"account_id":"912391589165daea759d3cdcea0c7ced","creation_date":"2026-02-08T16:55:53.768Z","id":"nextcloudbucket","jurisdiction":"default","location":"EEUR","name":"nextcloudbucket","storage_class":"Standard"},"sensitive_attributes":[]}]},{"mode":"managed","type":"cloudflare_r2_bucket","name":"tfstatebucket","provider":"provider[\"registry.opentofu.org/hashicorp/cloudflare\"]","instances":[{"schema_version":0,"attributes":{"account_id":"912391589165daea759d3cdcea0c7ced","creation_date":"2026-02-06T10:35:11.071Z","id":"tfstatebucket","jurisdiction":"default","location":"EEUR","name":"tfstatebucket","storage_class":"Standard"},"sensitive_attributes":[]}]},{"module":"module.friikod","mode":"data","type":"cloudflare_zero_trust_tunnel_cloudflared_token","name":"handygleam_token","provider":"module.friikod.provider[\"registry.opentofu.org/cloudflare/cloudflare\"]","instances":[{"schema_version":0,"attributes":{"account_id":"912391589165daea759d3cdcea0c7ced","token":"eyJhIjoiOTEyMzkxNTg5MTY1ZGFlYTc1OWQzY2RjZWEwYzdjZWQiLCJ0IjoiZTI0ODg0OWUtM2YzOC00ZjY1LTk0YTMtNTQwZWQyMDk0NTAzIiwicyI6IlVJOERJSlhpN1VkMjhLeCtVZEdqTUVwMWlGZDBabWtibUhGNU1ySitpUXVHOGlPeEdDaFhrcFNqUjlLVFBCZDBxYTdBMVBjby93b25tSTBydS9tM0N3PT0ifQ==","tunnel_id":"e248849e-3f38-4f65-94a3-540ed2094503"},"sensitive_attributes":[]}]},{"module":"module.friikod","mode":"managed","type":"cloudflare_dns_record","name":"default","provider":"module.friikod.provider[\"registry.opentofu.org/cloudflare/cloudflare\"]","instances":[{"schema_version":0,"attributes":{"comment":null,"comment_modified_on":null,"content":"37.27.30.194","created_on":"2024-11-08T13:49:00Z","data":null,"id":"f1dcd24d8b37fc8400e9c552afa53138","meta":"{}","modified_on":"2025-11-02T22:37:04Z","name":"friikod.se","priority":null,"proxiable":true,"proxied":true,"settings":{"flatten_cname":null,"ipv4_only":null,"ipv6_only":null},"tags":[],"tags_modified_on":null,"ttl":1,"type":"A","zone_id":"412e5fb3214f52d2e473ac47261eda50"},"sensitive_attributes":[],"dependencies":["module.friikod.cloudflare_zone.default","module.friikod.hcloud_server.nixos","module.friikod.hcloud_ssh_key.main"]}]},{"module":"module.friikod","mode":"managed","type":"cloudflare_dns_record","name":"default-dkim","provider":"module.friikod.provider[\"registry.opentofu.org/cloudflare/cloudflare\"]","instances":[{"schema_version":0,"attributes":{"comment":null,"comment_modified_on":null,"content":"p=MIIBIjANBgkqhkiG9w0BAQEFAAOCAQ8AMIIBCgKCAQEAqW1VD+pGeo05UcbrFeC+kB0Kio/Gr6DrQQJEOqS7szszdo5qyNzvx1JXXblswl8PoBALxihIhgoCU7BR7x8gsyGeXlgauUj8rXa0+XXYpj4BIPlo416L24ywqVX1XZg/kRXk/Naey06x6W9XZfQkVNky6TXCB1oFCt09tIJDrYlZKp2FDdBuKxy+DT2yIPiUCMOChvYB7arBHPpahRwVmNL2l73HAeSLxl2V8YM8W0mfeQVFpUh1+O0Vl9C1g2WEn/7eUB+9/u7jRoyzlCGL6mlwU1EGT1qmxww2W6p6nr1r5wv7aAjCgJvuRkRzGsfhVLtFP19coV4iLsMnzWbj/QIDAQAB","created_on":"2026-01-02T19:31:56Z","data":null,"id":"d376e3cf1816ccd70f6f91956f12e366","meta":"{}","modified_on":"2026-01-02T19:39:38Z","name":"mail._domainkey.friikod.se","priority":null,"proxiable":false,"proxied":false,"settings":{"flatten_cname":null,"ipv4_only":null,"ipv6_only":null},"tags":[],"tags_modified_on":null,"ttl":10800,"type":"TXT","zone_id":"412e5fb3214f52d2e473ac47261eda50"},"sensitive_attributes":[],"dependencies":["module.friikod.cloudflare_zone.default"]}]},{"module":"module.friikod","mode":"managed","type":"cloudflare_dns_record","name":"default-dmarc","provider":"module.friikod.provider[\"registry.opentofu.org/cloudflare/cloudflare\"]","instances":[{"schema_version":0,"attributes":{"comment":null,"comment_modified_on":null,"content":"v=DMARC1; p=none","created_on":"2025-07-06T17:00:31Z","data":null,"id":"0f4933fc9311ea99b75705861c6ab949","meta":"{}","modified_on":"2025-07-06T17:20:44Z","name":"_dmarc.friikod.se","priority":null,"proxiable":false,"proxied":false,"settings":{"flatten_cname":null,"ipv4_only":null,"ipv6_only":null},"tags":[],"tags_modified_on":null,"ttl":10800,"type":"TXT","zone_id":"412e5fb3214f52d2e473ac47261eda50"},"sensitive_attributes":[],"dependencies":["module.friikod.cloudflare_zone.default"]}]},{"module":"module.friikod","mode":"managed","type":"cloudflare_dns_record","name":"default-mx","provider":"module.friikod.provider[\"registry.opentofu.org/cloudflare/cloudflare\"]","instances":[{"schema_version":0,"attributes":{"comment":null,"comment_modified_on":null,"content":"mail.friikod.se","created_on":"2025-07-06T17:01:41Z","data":null,"id":"a6a783bcdf89aa51e250a4c11ed6b26e","meta":"{}","modified_on":"2025-07-06T17:20:44Z","name":"friikod.se","priority":10,"proxiable":false,"proxied":false,"settings":{"flatten_cname":null,"ipv4_only":null,"ipv6_only":null},"tags":[],"tags_modified_on":null,"ttl":10800,"type":"MX","zone_id":"412e5fb3214f52d2e473ac47261eda50"},"sensitive_attributes":[],"dependencies":["module.friikod.cloudflare_zone.default"]}]},{"module":"module.friikod","mode":"managed","type":"cloudflare_dns_record","name":"default-spf","provider":"module.friikod.provider[\"registry.opentofu.org/cloudflare/cloudflare\"]","instances":[{"schema_version":0,"attributes":{"comment":null,"comment_modified_on":null,"content":"v=spf1 a:mail.friikod.se -all","created_on":"2025-07-06T16:51:00Z","data":null,"id":"8c92e21dc112097b69ad428bf356a204","meta":"{}","modified_on":"2025-07-06T17:20:44Z","name":"friikod.se","priority":null,"proxiable":false,"proxied":false,"settings":{"flatten_cname":null,"ipv4_only":null,"ipv6_only":null},"tags":[],"tags_modified_on":null,"ttl":10800,"type":"TXT","zone_id":"412e5fb3214f52d2e473ac47261eda50"},"sensitive_attributes":[],"dependencies":["module.friikod.cloudflare_zone.default"]}]},{"module":"module.friikod","mode":"managed","type":"cloudflare_dns_record","name":"default6","provider":"module.friikod.provider[\"registry.opentofu.org/cloudflare/cloudflare\"]","instances":[{"schema_version":0,"attributes":{"comment":null,"comment_modified_on":null,"content":"2a01:4f9:c012:1a59::1","created_on":"2025-07-06T14:14:43Z","data":null,"id":"55da565f96265c00647b5818fa892f7c","meta":"{}","modified_on":"2025-11-02T22:37:04Z","name":"friikod.se","priority":null,"proxiable":true,"proxied":true,"settings":{"flatten_cname":null,"ipv4_only":null,"ipv6_only":null},"tags":[],"tags_modified_on":null,"ttl":1,"type":"AAAA","zone_id":"412e5fb3214f52d2e473ac47261eda50"},"sensitive_attributes":[],"dependencies":["module.friikod.cloudflare_zone.default","module.friikod.hcloud_server.nixos","module.friikod.hcloud_ssh_key.main"]}]},{"module":"module.friikod","mode":"managed","type":"cloudflare_dns_record","name":"ladugardlive","provider":"module.friikod.provider[\"registry.opentofu.org/cloudflare/cloudflare\"]","instances":[{"schema_version":0,"attributes":{"comment":null,"comment_modified_on":null,"content":"37.27.30.194","created_on":"2024-11-10T21:27:45Z","data":null,"id":"b0dd24b7a7a099edb5c2073373cedf2e","meta":"{}","modified_on":"2025-11-02T22:37:04Z","name":"ladugardlive.se","priority":null,"proxiable":true,"proxied":true,"settings":{"flatten_cname":null,"ipv4_only":null,"ipv6_only":null},"tags":[],"tags_modified_on":null,"ttl":1,"type":"A","zone_id":"902769e71cc259d8e726426148358070"},"sensitive_attributes":[],"dependencies":["module.friikod.cloudflare_zone.ladugardlive","module.friikod.hcloud_server.nixos","module.friikod.hcloud_ssh_key.main"]}]},{"module":"module.friikod","mode":"managed","type":"cloudflare_dns_record","name":"ladugardlive-default6","provider":"module.friikod.provider[\"registry.opentofu.org/cloudflare/cloudflare\"]","instances":[{"schema_version":0,"attributes":{"comment":null,"comment_modified_on":null,"content":"2a01:4f9:c012:1a59::1","created_on":"2025-07-06T14:14:41Z","data":null,"id":"d76c67d75393524220f0802e4790361d","meta":"{}","modified_on":"2025-11-02T22:37:04Z","name":"ladugardlive.se","priority":null,"proxiable":true,"proxied":true,"settings":{"flatten_cname":null,"ipv4_only":null,"ipv6_only":null},"tags":[],"tags_modified_on":null,"ttl":1,"type":"AAAA","zone_id":"902769e71cc259d8e726426148358070"},"sensitive_attributes":[],"dependencies":["module.friikod.cloudflare_zone.ladugardlive","module.friikod.hcloud_server.nixos","module.friikod.hcloud_ssh_key.main"]}]},{"module":"module.friikod","mode":"managed","type":"cloudflare_dns_record","name":"ladugardlive-subdomain-web","provider":"module.friikod.provider[\"registry.opentofu.org/cloudflare/cloudflare\"]","instances":[{"schema_version":0,"attributes":{"comment":null,"comment_modified_on":null,"content":"37.27.30.194","created_on":"2025-11-29T11:00:18Z","data":null,"id":"a1e36e32befd64b3da1ee35846ec30fc","meta":"{}","modified_on":"2025-11-29T11:05:37Z","name":"web.ladugardlive.se","priority":null,"proxiable":true,"proxied":false,"settings":{"flatten_cname":null,"ipv4_only":null,"ipv6_only":null},"tags":[],"tags_modified_on":null,"ttl":1,"type":"A","zone_id":"902769e71cc259d8e726426148358070"},"sensitive_attributes":[],"dependencies":["module.friikod.cloudflare_zone.ladugardlive","module.friikod.hcloud_server.nixos","module.friikod.hcloud_ssh_key.main"]}]},{"module":"module.friikod","mode":"managed","type":"cloudflare_dns_record","name":"ladugardlive-subdomain-www","provider":"module.friikod.provider[\"registry.opentofu.org/cloudflare/cloudflare\"]","instances":[{"schema_version":0,"attributes":{"comment":null,"comment_modified_on":null,"content":"37.27.30.194","created_on":"2025-02-27T19:21:44Z","data":null,"id":"91107d213514a93b88032dfe0986af45","meta":"{}","modified_on":"2025-11-02T22:37:05Z","name":"www.ladugardlive.se","priority":null,"proxiable":true,"proxied":true,"settings":{"flatten_cname":null,"ipv4_only":null,"ipv6_only":null},"tags":[],"tags_modified_on":null,"ttl":1,"type":"A","zone_id":"902769e71cc259d8e726426148358070"},"sensitive_attributes":[],"dependencies":["module.friikod.cloudflare_zone.ladugardlive","module.friikod.hcloud_server.nixos","module.friikod.hcloud_ssh_key.main"]}]},{"module":"module.friikod","mode":"managed","type":"cloudflare_dns_record","name":"ladugardlive-subdomain6-www","provider":"module.friikod.provider[\"registry.opentofu.org/cloudflare/cloudflare\"]","instances":[{"schema_version":0,"attributes":{"comment":null,"comment_modified_on":null,"content":"2a01:4f9:c012:1a59::1","created_on":"2025-07-06T14:14:41Z","data":null,"id":"28b51e7ec6dde7e7cd63a69ebb7181df","meta":"{}","modified_on":"2025-11-02T22:37:05Z","name":"www.ladugardlive.se","priority":null,"proxiable":true,"proxied":true,"settings":{"flatten_cname":null,"ipv4_only":null,"ipv6_only":null},"tags":[],"tags_modified_on":null,"ttl":1,"type":"AAAA","zone_id":"902769e71cc259d8e726426148358070"},"sensitive_attributes":[],"dependencies":["module.friikod.cloudflare_zone.ladugardlive","module.friikod.hcloud_server.nixos","module.friikod.hcloud_ssh_key.main"]}]},{"module":"module.friikod","mode":"managed","type":"cloudflare_dns_record","name":"mail-ip4","provider":"module.friikod.provider[\"registry.opentofu.org/cloudflare/cloudflare\"]","instances":[{"schema_version":0,"attributes":{"comment":null,"comment_modified_on":null,"content":"37.27.30.194","created_on":"2025-07-08T07:00:56Z","data":null,"id":"bc67a004ad13c4a849874051036f9518","meta":"{}","modified_on":"2025-11-02T22:37:04Z","name":"mail.friikod.se","priority":null,"proxiable":true,"proxied":false,"settings":{"flatten_cname":null,"ipv4_only":null,"ipv6_only":null},"tags":[],"tags_modified_on":null,"ttl":10800,"type":"A","zone_id":"412e5fb3214f52d2e473ac47261eda50"},"sensitive_attributes":[],"dependencies":["module.friikod.cloudflare_zone.default","module.friikod.hcloud_server.nixos","module.friikod.hcloud_ssh_key.main"]}]},{"module":"module.friikod","mode":"managed","type":"cloudflare_dns_record","name":"mail-ip6","provider":"module.friikod.provider[\"registry.opentofu.org/cloudflare/cloudflare\"]","instances":[{"schema_version":0,"attributes":{"comment":null,"comment_modified_on":null,"content":"2a01:4f9:c012:1a59::1","created_on":"2025-07-08T07:00:56Z","data":null,"id":"b4ae2475302f8db41655b04b2a02803e","meta":"{}","modified_on":"2025-11-02T22:37:04Z","name":"mail.friikod.se","priority":null,"proxiable":true,"proxied":false,"settings":{"flatten_cname":null,"ipv4_only":null,"ipv6_only":null},"tags":[],"tags_modified_on":null,"ttl":10800,"type":"AAAA","zone_id":"412e5fb3214f52d2e473ac47261eda50"},"sensitive_attributes":[],"dependencies":["module.friikod.cloudflare_zone.default","module.friikod.hcloud_server.nixos","module.friikod.hcloud_ssh_key.main"]}]},{"module":"module.friikod","mode":"managed","type":"cloudflare_dns_record","name":"subdomain-calc","provider":"module.friikod.provider[\"registry.opentofu.org/cloudflare/cloudflare\"]","instances":[{"schema_version":0,"attributes":{"comment":null,"comment_modified_on":null,"content":"37.27.30.194","created_on":"2025-02-27T19:21:44Z","data":null,"id":"94825ee78b2f483e5c70a26135489ca6","meta":"{}","modified_on":"2025-11-02T22:37:03Z","name":"calc.friikod.se","priority":null,"proxiable":true,"proxied":true,"settings":{"flatten_cname":null,"ipv4_only":null,"ipv6_only":null},"tags":[],"tags_modified_on":null,"ttl":1,"type":"A","zone_id":"412e5fb3214f52d2e473ac47261eda50"},"sensitive_attributes":[],"dependencies":["module.friikod.cloudflare_zone.default","module.friikod.hcloud_server.nixos","module.friikod.hcloud_ssh_key.main"]}]},{"module":"module.friikod","mode":"managed","type":"cloudflare_dns_record","name":"subdomain-conversions","provider":"module.friikod.provider[\"registry.opentofu.org/cloudflare/cloudflare\"]","instances":[{"schema_version":0,"attributes":{"comment":null,"comment_modified_on":null,"content":"37.27.30.194","created_on":"2026-02-27T20:28:00Z","data":null,"id":"2814277232b6c09b23bf819f805cbfc2","meta":"{}","modified_on":"2026-02-27T20:28:00Z","name":"conversions.friikod.se","priority":null,"proxiable":true,"proxied":true,"settings":{"flatten_cname":null,"ipv4_only":null,"ipv6_only":null},"tags":[],"tags_modified_on":null,"ttl":1,"type":"A","zone_id":"412e5fb3214f52d2e473ac47261eda50"},"sensitive_attributes":[],"dependencies":["module.friikod.cloudflare_zone.default","module.friikod.hcloud_server.nixos","module.friikod.hcloud_ssh_key.main"]}]},{"module":"module.friikod","mode":"managed","type":"cloudflare_dns_record","name":"subdomain-docs","provider":"module.friikod.provider[\"registry.opentofu.org/cloudflare/cloudflare\"]","instances":[{"schema_version":0,"attributes":{"comment":null,"comment_modified_on":null,"content":"37.27.30.194","created_on":"2026-02-09T10:21:47Z","data":null,"id":"f3d9cb023e0ac709c137d4e5f84a1526","meta":"{}","modified_on":"2026-02-09T10:21:47Z","name":"docs.friikod.se","priority":null,"proxiable":true,"proxied":false,"settings":{"flatten_cname":null,"ipv4_only":null,"ipv6_only":null},"tags":[],"tags_modified_on":null,"ttl":3600,"type":"A","zone_id":"412e5fb3214f52d2e473ac47261eda50"},"sensitive_attributes":[],"dependencies":["module.friikod.cloudflare_zone.default","module.friikod.hcloud_server.nixos","module.friikod.hcloud_ssh_key.main"]}]},{"module":"module.friikod","mode":"managed","type":"cloudflare_dns_record","name":"subdomain-elin","provider":"module.friikod.provider[\"registry.opentofu.org/cloudflare/cloudflare\"]","instances":[{"schema_version":0,"attributes":{"comment":null,"comment_modified_on":null,"content":"37.27.30.194","created_on":"2025-10-05T20:31:56Z","data":null,"id":"43df648812b81d4cdcdb8003914f64a9","meta":"{}","modified_on":"2026-02-04T17:25:29Z","name":"elin.friikod.se","priority":null,"proxiable":true,"proxied":false,"settings":{"flatten_cname":null,"ipv4_only":null,"ipv6_only":null},"tags":[],"tags_modified_on":null,"ttl":3600,"type":"A","zone_id":"412e5fb3214f52d2e473ac47261eda50"},"sensitive_attributes":[],"dependencies":["module.friikod.cloudflare_zone.default","module.friikod.hcloud_server.nixos","module.friikod.hcloud_ssh_key.main"]}]},{"module":"module.friikod","mode":"managed","type":"cloudflare_dns_record","name":"subdomain-handygleam","provider":"module.friikod.provider[\"registry.opentofu.org/cloudflare/cloudflare\"]","instances":[{"schema_version":0,"attributes":{"comment":null,"comment_modified_on":null,"content":"37.27.30.194","created_on":"2026-02-16T17:23:27Z","data":null,"id":"41632e1cf00b5c68fc884076297c3edb","meta":"{}","modified_on":"2026-02-16T17:23:27Z","name":"handy-gleam.friikod.se","priority":null,"proxiable":true,"proxied":true,"settings":{"flatten_cname":null,"ipv4_only":null,"ipv6_only":null},"tags":[],"tags_modified_on":null,"ttl":1,"type":"A","zone_id":"412e5fb3214f52d2e473ac47261eda50"},"sensitive_attributes":[],"dependencies":["module.friikod.cloudflare_zone.default","module.friikod.hcloud_server.nixos","module.friikod.hcloud_ssh_key.main"]}]},{"module":"module.friikod","mode":"managed","type":"cloudflare_dns_record","name":"subdomain-handygleam-local","provider":"module.friikod.provider[\"registry.opentofu.org/cloudflare/cloudflare\"]","instances":[{"schema_version":0,"attributes":{"comment":null,"comment_modified_on":null,"content":"e248849e-3f38-4f65-94a3-540ed2094503.cfargotunnel.com","created_on":"2026-02-16T17:23:29Z","data":null,"id":"9b78f89e975898821955fb2d7f40db6c","meta":"{}","modified_on":"2026-02-16T17:23:29Z","name":"handy-gleam-local.friikod.se","priority":null,"proxiable":true,"proxied":true,"settings":{"flatten_cname":false,"ipv4_only":null,"ipv6_only":null},"tags":[],"tags_modified_on":null,"ttl":1,"type":"CNAME","zone_id":"412e5fb3214f52d2e473ac47261eda50"},"sensitive_attributes":[],"dependencies":["module.friikod.cloudflare_zero_trust_tunnel_cloudflared.handygleam","module.friikod.cloudflare_zone.default"]}]},{"module":"module.friikod","mode":"managed","type":"cloudflare_dns_record","name":"subdomain-jellyfin","provider":"module.friikod.provider[\"registry.opentofu.org/cloudflare/cloudflare\"]","instances":[{"schema_version":0,"attributes":{"comment":null,"comment_modified_on":null,"content":"37.27.30.194","created_on":"2025-09-10T19:03:44Z","data":null,"id":"ae9c7e8b76338ae5eaa577b280f98eba","meta":"{}","modified_on":"2025-11-02T22:37:04Z","name":"jellyfin.friikod.se","priority":null,"proxiable":true,"proxied":false,"settings":{"flatten_cname":null,"ipv4_only":null,"ipv6_only":null},"tags":[],"tags_modified_on":null,"ttl":3600,"type":"A","zone_id":"412e5fb3214f52d2e473ac47261eda50"},"sensitive_attributes":[],"dependencies":["module.friikod.cloudflare_zone.default","module.friikod.hcloud_server.nixos","module.friikod.hcloud_ssh_key.main"]}]},{"module":"module.friikod","mode":"managed","type":"cloudflare_dns_record","name":"subdomain-keycloak","provider":"module.friikod.provider[\"registry.opentofu.org/cloudflare/cloudflare\"]","instances":[{"schema_version":0,"attributes":{"comment":null,"comment_modified_on":null,"content":"37.27.30.194","created_on":"2025-09-20T15:30:33Z","data":null,"id":"e26ad14ca3c2e0b879f21f3f78702ea0","meta":"{}","modified_on":"2025-11-02T22:37:04Z","name":"keycloak.friikod.se","priority":null,"proxiable":true,"proxied":false,"settings":{"flatten_cname":null,"ipv4_only":null,"ipv6_only":null},"tags":[],"tags_modified_on":null,"ttl":3600,"type":"A","zone_id":"412e5fb3214f52d2e473ac47261eda50"},"sensitive_attributes":[],"dependencies":["module.friikod.cloudflare_zone.default","module.friikod.hcloud_server.nixos","module.friikod.hcloud_ssh_key.main"]}]},{"module":"module.friikod","mode":"managed","type":"cloudflare_dns_record","name":"subdomain-meme","provider":"module.friikod.provider[\"registry.opentofu.org/cloudflare/cloudflare\"]","instances":[{"schema_version":0,"attributes":{"comment":null,"comment_modified_on":null,"content":"37.27.30.194","created_on":"2026-02-09T10:08:31Z","data":null,"id":"2defb8a0cf14320c1a7b047c17f40748","meta":"{}","modified_on":"2026-05-21T09:34:09Z","name":"meme.friikod.se","priority":null,"proxiable":true,"proxied":true,"settings":{"flatten_cname":null,"ipv4_only":null,"ipv6_only":null},"tags":[],"tags_modified_on":null,"ttl":1,"type":"A","zone_id":"412e5fb3214f52d2e473ac47261eda50"},"sensitive_attributes":[],"dependencies":["module.friikod.cloudflare_zone.default","module.friikod.hcloud_server.nixos","module.friikod.hcloud_ssh_key.main"]}]},{"module":"module.friikod","mode":"managed","type":"cloudflare_dns_record","name":"subdomain-next","provider":"module.friikod.provider[\"registry.opentofu.org/cloudflare/cloudflare\"]","instances":[{"schema_version":0,"attributes":{"comment":null,"comment_modified_on":null,"content":"37.27.30.194","created_on":"2025-05-22T19:04:05Z","data":null,"id":"bc9f159ae725e1620a3549817318ecd3","meta":"{}","modified_on":"2025-11-02T22:37:05Z","name":"next.friikod.se","priority":null,"proxiable":true,"proxied":true,"settings":{"flatten_cname":null,"ipv4_only":null,"ipv6_only":null},"tags":[],"tags_modified_on":null,"ttl":1,"type":"A","zone_id":"412e5fb3214f52d2e473ac47261eda50"},"sensitive_attributes":[],"dependencies":["module.friikod.cloudflare_zone.default","module.friikod.hcloud_server.nixos","module.friikod.hcloud_ssh_key.main"]}]},{"module":"module.friikod","mode":"managed","type":"cloudflare_dns_record","name":"subdomain-nextcloud","provider":"module.friikod.provider[\"registry.opentofu.org/cloudflare/cloudflare\"]","instances":[{"schema_version":0,"attributes":{"comment":null,"comment_modified_on":null,"content":"37.27.30.194","created_on":"2025-07-09T19:53:00Z","data":null,"id":"1e86fe77e0246a72d6674d80b6a7881c","meta":"{}","modified_on":"2025-11-02T23:15:53Z","name":"nextcloud.friikod.se","priority":null,"proxiable":true,"proxied":false,"settings":{"flatten_cname":null,"ipv4_only":null,"ipv6_only":null},"tags":[],"tags_modified_on":null,"ttl":1,"type":"A","zone_id":"412e5fb3214f52d2e473ac47261eda50"},"sensitive_attributes":[],"dependencies":["module.friikod.cloudflare_zone.default","module.friikod.hcloud_server.nixos","module.friikod.hcloud_ssh_key.main"]}]},{"module":"module.friikod","mode":"managed","type":"cloudflare_dns_record","name":"subdomain-plantuml","provider":"module.friikod.provider[\"registry.opentofu.org/cloudflare/cloudflare\"]","instances":[{"schema_version":0,"attributes":{"comment":null,"comment_modified_on":null,"content":"37.27.30.194","created_on":"2026-05-21T09:34:08Z","data":null,"id":"16bcf928dd021e9516be525453dcdf8d","meta":"{}","modified_on":"2026-05-21T09:34:08Z","name":"plantuml.friikod.se","priority":null,"proxiable":true,"proxied":true,"settings":{"flatten_cname":null,"ipv4_only":null,"ipv6_only":null},"tags":[],"tags_modified_on":null,"ttl":1,"type":"A","zone_id":"412e5fb3214f52d2e473ac47261eda50"},"sensitive_attributes":[],"dependencies":["module.friikod.cloudflare_zone.default","module.friikod.hcloud_server.nixos","module.friikod.hcloud_ssh_key.main"]}]},{"module":"module.friikod","mode":"managed","type":"cloudflare_dns_record","name":"subdomain-strapi","provider":"module.friikod.provider[\"registry.opentofu.org/cloudflare/cloudflare\"]","instances":[{"schema_version":0,"attributes":{"comment":null,"comment_modified_on":null,"content":"37.27.30.194","created_on":"2025-05-21T18:39:28Z","data":null,"id":"72f316dce8e83ad425676c295b58d8b8","meta":"{}","modified_on":"2025-11-02T22:37:04Z","name":"strapi.friikod.se","priority":null,"proxiable":true,"proxied":true,"settings":{"flatten_cname":null,"ipv4_only":null,"ipv6_only":null},"tags":[],"tags_modified_on":null,"ttl":1,"type":"A","zone_id":"412e5fb3214f52d2e473ac47261eda50"},"sensitive_attributes":[],"dependencies":["module.friikod.cloudflare_zone.default","module.friikod.hcloud_server.nixos","module.friikod.hcloud_ssh_key.main"]}]},{"module":"module.friikod","mode":"managed","type":"cloudflare_dns_record","name":"subdomain-www","provider":"module.friikod.provider[\"registry.opentofu.org/cloudflare/cloudflare\"]","instances":[{"schema_version":0,"attributes":{"comment":null,"comment_modified_on":null,"content":"37.27.30.194","created_on":"2025-02-27T19:21:43Z","data":null,"id":"1b7724165c20e608a57fb4084bf1ce6e","meta":"{}","modified_on":"2025-11-02T22:37:04Z","name":"www.friikod.se","priority":null,"proxiable":true,"proxied":true,"settings":{"flatten_cname":null,"ipv4_only":null,"ipv6_only":null},"tags":[],"tags_modified_on":null,"ttl":1,"type":"A","zone_id":"412e5fb3214f52d2e473ac47261eda50"},"sensitive_attributes":[],"dependencies":["module.friikod.cloudflare_zone.default","module.friikod.hcloud_server.nixos","module.friikod.hcloud_ssh_key.main"]}]},{"module":"module.friikod","mode":"managed","type":"cloudflare_dns_record","name":"subdomain6-www","provider":"module.friikod.provider[\"registry.opentofu.org/cloudflare/cloudflare\"]","instances":[{"schema_version":0,"attributes":{"comment":null,"comment_modified_on":null,"content":"2a01:4f9:c012:1a59::1","created_on":"2025-07-06T14:14:41Z","data":null,"id":"d2a3db9a12621eabfd8dfdad721e6fc8","meta":"{}","modified_on":"2025-11-02T22:37:04Z","name":"www.friikod.se","priority":null,"proxiable":true,"proxied":true,"settings":{"flatten_cname":null,"ipv4_only":null,"ipv6_only":null},"tags":[],"tags_modified_on":null,"ttl":1,"type":"AAAA","zone_id":"412e5fb3214f52d2e473ac47261eda50"},"sensitive_attributes":[],"dependencies":["module.friikod.cloudflare_zone.default","module.friikod.hcloud_server.nixos","module.friikod.hcloud_ssh_key.main"]}]},{"module":"module.friikod","mode":"managed","type":"cloudflare_zero_trust_tunnel_cloudflared","name":"handygleam","provider":"module.friikod.provider[\"registry.opentofu.org/cloudflare/cloudflare\"]","instances":[{"schema_version":0,"attributes":{"account_id":"912391589165daea759d3cdcea0c7ced","account_tag":"912391589165daea759d3cdcea0c7ced","config_src":"cloudflare","connections":[],"conns_active_at":null,"conns_inactive_at":"2026-02-17T22:04:36Z","created_at":"2026-02-16T17:23:27Z","deleted_at":null,"id":"e248849e-3f38-4f65-94a3-540ed2094503","metadata":"{}","name":"handy-gleam-tunnel","remote_config":true,"status":"down","tun_type":"cfd_tunnel","tunnel_secret":null},"sensitive_attributes":[[{"type":"get_attr","value":"tunnel_secret"}]]}]},{"module":"module.friikod","mode":"managed","type":"cloudflare_zero_trust_tunnel_cloudflared_config","name":"handygleam_config","provider":"module.friikod.provider[\"registry.opentofu.org/cloudflare/cloudflare\"]","instances":[{"schema_version":0,"attributes":{"account_id":"912391589165daea759d3cdcea0c7ced","config":{"ingress":[{"hostname":"handy-gleam-local.friikod.se","origin_request":null,"path":null,"service":"http://127.0.0.1:8000"},{"hostname":null,"origin_request":null,"path":null,"service":"http_status:404"}],"origin_request":null},"created_at":"2026-02-16T17:23:29Z","id":"e248849e-3f38-4f65-94a3-540ed2094503","source":"cloudflare","tunnel_id":"e248849e-3f38-4f65-94a3-540ed2094503","version":1},"sensitive_attributes":[],"dependencies":["module.friikod.cloudflare_zero_trust_tunnel_cloudflared.handygleam"]}]},{"module":"module.friikod","mode":"managed","type":"cloudflare_zone","name":"default","provider":"module.friikod.provider[\"registry.opentofu.org/cloudflare/cloudflare\"]","instances":[{"schema_version":0,"attributes":{"account":{"id":"912391589165daea759d3cdcea0c7ced"},"activated_on":"2024-10-24T19:32:25Z","cname_suffix":null,"created_on":"2024-10-24T17:44:32Z","development_mode":0,"id":"412e5fb3214f52d2e473ac47261eda50","meta":{"cdn_only":null,"custom_certificate_quota":0,"dns_only":null,"foundation_dns":null,"page_rule_quota":3,"phishing_detected":false,"step":2},"modified_on":"2024-10-24T19:32:25Z","name":"friikod.se","name_servers":["guss.ns.cloudflare.com","vivienne.ns.cloudflare.com"],"original_dnshost":null,"original_name_servers":["dns1.oderland.com","dns2.oderland.com","dns3.oderland.com"],"original_registrar":"oderland (id: )","owner":{"id":null,"name":null,"type":"user"},"paused":false,"permissions":["#dns_records:edit","#dns_records:read","#zone_settings:read","#zone_settings:edit","#page_shield:read","#ssl:read","#page_shield:edit","#zone:edit","#zone:read"],"plan":{"can_subscribe":false,"currency":"USD","externally_managed":false,"frequency":"","id":"0feeeeeeeeeeeeeeeeeeeeeeeeeeeeee","is_subscribed":false,"legacy_discount":false,"legacy_id":"free","name":"Free Website","price":0},"status":"active","tenant":{"id":null,"name":null},"tenant_unit":{"id":null},"type":"full","vanity_name_servers":[],"verification_key":null},"sensitive_attributes":[]}]},{"module":"module.friikod","mode":"managed","type":"cloudflare_zone","name":"ladugardlive","provider":"module.friikod.provider[\"registry.opentofu.org/cloudflare/cloudflare\"]","instances":[{"schema_version":0,"attributes":{"account":{"id":"912391589165daea759d3cdcea0c7ced"},"activated_on":"2024-11-10T19:10:03Z","cname_suffix":null,"created_on":"2024-11-10T18:43:43Z","development_mode":0,"id":"902769e71cc259d8e726426148358070","meta":{"cdn_only":null,"custom_certificate_quota":0,"dns_only":null,"foundation_dns":null,"page_rule_quota":3,"phishing_detected":false,"step":2},"modified_on":"2024-11-10T19:10:03Z","name":"ladugardlive.se","name_servers":["guss.ns.cloudflare.com","vivienne.ns.cloudflare.com"],"original_dnshost":null,"original_name_servers":["dns1.oderland.com","dns2.oderland.com","dns3.oderland.com"],"original_registrar":"oderland (id: )","owner":{"id":null,"name":null,"type":"user"},"paused":false,"permissions":["#dns_records:edit","#dns_records:read","#zone_settings:read","#zone_settings:edit","#page_shield:read","#ssl:read","#page_shield:edit","#zone:edit","#zone:read"],"plan":{"can_subscribe":false,"currency":"USD","externally_managed":false,"frequency":"","id":"0feeeeeeeeeeeeeeeeeeeeeeeeeeeeee","is_subscribed":false,"legacy_discount":false,"legacy_id":"free","name":"Free Website","price":0},"status":"active","tenant":{"id":null,"name":null},"tenant_unit":{"id":null},"type":"full","vanity_name_servers":[],"verification_key":null},"sensitive_attributes":[]}]},{"module":"module.friikod","mode":"managed","type":"hcloud_rdns","name":"rdns4","provider":"provider[\"registry.opentofu.org/opentofu/hcloud\"]","instances":[{"schema_version":0,"attributes":{"dns_ptr":"mail.friikod.se","floating_ip_id":null,"id":"s-112097553-37.27.30.194","ip_address":"37.27.30.194","load_balancer_id":null,"primary_ip_id":null,"server_id":112097553},"sensitive_attributes":[],"private":"bnVsbA==","dependencies":["module.friikod.hcloud_server.nixos","module.friikod.hcloud_ssh_key.main"]}]},{"module":"module.friikod","mode":"managed","type":"hcloud_rdns","name":"rdns6","provider":"provider[\"registry.opentofu.org/opentofu/hcloud\"]","instances":[{"schema_version":0,"attributes":{"dns_ptr":"mail.friikod.se","floating_ip_id":null,"id":"s-112097553-2a01:4f9:c012:1a59::1","ip_address":"2a01:4f9:c012:1a59::1","load_balancer_id":null,"primary_ip_id":null,"server_id":112097553},"sensitive_attributes":[],"private":"bnVsbA==","dependencies":["module.friikod.hcloud_server.nixos","module.friikod.hcloud_ssh_key.main"]}]},{"module":"module.friikod","mode":"managed","type":"hcloud_server","name":"nixos","provider":"provider[\"registry.opentofu.org/opentofu/hcloud\"]","instances":[{"schema_version":0,"attributes":{"allow_deprecated_images":false,"backup_window":"","backups":false,"datacenter":"hel1-dc2","delete_protection":false,"firewall_ids":[],"id":"112097553","ignore_remote_firewall_ids":false,"image":"ubuntu-22.04","ipv4_address":"37.27.30.194","ipv6_address":"2a01:4f9:c012:1a59::1","ipv6_network":"2a01:4f9:c012:1a59::/64","iso":null,"keep_disk":false,"labels":{"label":"seed"},"location":"hel1","name":"hetzvps","network":[],"placement_group_id":0,"primary_disk_size":160,"public_net":[{"ipv4":0,"ipv4_enabled":true,"ipv6":0,"ipv6_enabled":true}],"rebuild_protection":false,"rescue":null,"server_type":"cpx32","shutdown_before_deletion":false,"ssh_keys":["27645763"],"status":"running","timeouts":null,"user_data":null},"sensitive_attributes":[],"private":"eyJlMmJmYjczMC1lY2FhLTExZTYtOGY4OC0zNDM2M2JjN2M0YzAiOnsiY3JlYXRlIjo1NDAwMDAwMDAwMDAwfX0=","dependencies":["module.friikod.hcloud_ssh_key.main"]}]},{"module":"module.friikod","mode":"managed","type":"hcloud_server","name":"nixos_stage","provider":"provider[\"registry.opentofu.org/opentofu/hcloud\"]","instances":[{"schema_version":0,"attributes":{"allow_deprecated_images":false,"backup_window":"","backups":false,"datacenter":"hel1-dc2","delete_protection":false,"firewall_ids":[],"id":"140098543","ignore_remote_firewall_ids":false,"image":"ubuntu-24.04","ipv4_address":"62.238.23.131","ipv6_address":"2a01:4f9:c013:d8a2::1","ipv6_network":"2a01:4f9:c013:d8a2::/64","iso":null,"keep_disk":false,"labels":{"label":"seed"},"location":"hel1","name":"hetzvpsstage","network":[],"placement_group_id":0,"primary_disk_size":80,"public_net":[{"ipv4":0,"ipv4_enabled":true,"ipv6":0,"ipv6_enabled":true}],"rebuild_protection":false,"rescue":null,"server_type":"cpx22","shutdown_before_deletion":false,"ssh_keys":["27645763"],"status":"running","timeouts":null,"user_data":null},"sensitive_attributes":[],"private":"eyJlMmJmYjczMC1lY2FhLTExZTYtOGY4OC0zNDM2M2JjN2M0YzAiOnsiY3JlYXRlIjo1NDAwMDAwMDAwMDAwfX0=","dependencies":["module.friikod.hcloud_ssh_key.main"]}]},{"module":"module.friikod","mode":"managed","type":"hcloud_ssh_key","name":"main","provider":"provider[\"registry.opentofu.org/opentofu/hcloud\"]","instances":[{"schema_version":0,"attributes":{"fingerprint":"b7:d3:aa:7a:6c:c3:ab:c3:fd:00:66:b6:7a:2e:c9:e0","id":"27645763","labels":{},"name":"main_ssh","public_key":"ssh-ed25519 AAAAC3NzaC1lZDI1NTE5AAAAICGavKgHzlln0r9APH/vyVQ5uGB+BXR6ybHoiAdLS+DY linus@nixos"},"sensitive_attributes":[]}]}],"check_results":null}

