{"version":4,"terraform_version":"1.9.1","serial":2,"lineage":"ff690609-3548-9dbf-1ab9-989680747b67","outputs":{"ns":{"value":{"friikod.se":null,"ladugardlive.se":null},"type":["object",{"friikod.se":["list","string"],"ladugardlive.se":["list","string"]}]},"terraflake":{"value":[{"domains":{"auth-server":"auth-server.friikod.se","calc-api":"calc.friikod.se","friikod":"friikod.se","ladugardlive":"ladugardlive.se","next":"next.friikod.se","plex":"plex.friikod.se","strapi":"strapi.friikod.se"},"ip":"37.27.186.30","label":"seed","name":"hetzvps","provider":"hetznercloud","ssh_key":"ssh-ed25519 AAAAC3NzaC1lZDI1NTE5AAAAICGavKgHzlln0r9APH/vyVQ5uGB+BXR6ybHoiAdLS+DY linus@nixos"}],"type":["tuple",[["object",{"domains":["object",{"auth-server":"string","calc-api":"string","friikod":"string","ladugardlive":"string","next":"string","plex":"string","strapi":"string"}],"ip":"string","label":"string","name":"string","provider":"string","ssh_key":"string"}]]]}},"resources":[{"module":"module.dns_friikod_se","mode":"managed","type":"cloudflare_dns_record","name":"default6","provider":"provider[\"registry.opentofu.org/cloudflare/cloudflare\"]","instances":[]},{"module":"module.dns_friikod_se","mode":"managed","type":"cloudflare_dns_record","name":"extra","provider":"provider[\"registry.opentofu.org/cloudflare/cloudflare\"]","instances":[]},{"module":"module.dns_friikod_se","mode":"managed","type":"cloudflare_dns_record","name":"subdomains6","provider":"provider[\"registry.opentofu.org/cloudflare/cloudflare\"]","instances":[]},{"module":"module.dns_ladugard_se","mode":"managed","type":"cloudflare_dns_record","name":"default6","provider":"provider[\"registry.opentofu.org/cloudflare/cloudflare\"]","instances":[]},{"module":"module.dns_ladugard_se","mode":"managed","type":"cloudflare_dns_record","name":"extra","provider":"provider[\"registry.opentofu.org/cloudflare/cloudflare\"]","instances":[]},{"module":"module.dns_ladugard_se","mode":"managed","type":"cloudflare_dns_record","name":"subdomains6","provider":"provider[\"registry.opentofu.org/cloudflare/cloudflare\"]","instances":[]},{"module":"module.hetzvps","mode":"managed","type":"hcloud_server","name":"nixos","provider":"provider[\"registry.opentofu.org/opentofu/hcloud\"]","instances":[{"schema_version":0,"attributes":{"allow_deprecated_images":null,"backup_window":"","backups":false,"datacenter":"hel1-dc2","delete_protection":false,"firewall_ids":[],"id":"60566838","ignore_remote_firewall_ids":null,"image":"ubuntu-22.04","ipv4_address":"37.27.186.30","ipv6_address":"2a01:4f9:c012:abe4::1","ipv6_network":"2a01:4f9:c012:abe4::/64","iso":null,"keep_disk":null,"labels":{"label":"seed"},"location":"hel1","name":"hetzvps","network":[],"placement_group_id":0,"primary_disk_size":160,"public_net":[],"rebuild_protection":false,"rescue":null,"server_type":"cpx31","shutdown_before_deletion":null,"ssh_keys":null,"status":"running","timeouts":null,"user_data":null},"sensitive_attributes":[],"private":"eyJlMmJmYjczMC1lY2FhLTExZTYtOGY4OC0zNDM2M2JjN2M0YzAiOnsiY3JlYXRlIjo1NDAwMDAwMDAwMDAwfSwic2NoZW1hX3ZlcnNpb24iOiIwIn0="}]},{"module":"module.hetzvps","mode":"managed","type":"hcloud_ssh_key","name":"main","provider":"provider[\"registry.opentofu.org/opentofu/hcloud\"]","instances":[{"schema_version":0,"attributes":{"fingerprint":"b7:d3:aa:7a:6c:c3:ab:c3:fd:00:66:b6:7a:2e:c9:e0","id":"27645763","labels":{},"name":"main_ssh","public_key":"ssh-ed25519 AAAAC3NzaC1lZDI1NTE5AAAAICGavKgHzlln0r9APH/vyVQ5uGB+BXR6ybHoiAdLS+DY linus@nixos"},"sensitive_attributes":[]}]}],"check_results":null}
