{"version":4,"terraform_version":"1.9.1","serial":20,"lineage":"adfb6276-bc9b-1b18-9d37-bfc1ae666022","outputs":{"terraflake":{"value":[{"domains":{"auth-server":"auth-server.friikod.se","calc-api":"calc.friikod.se","friikod":"friikod.se","ladugardlive":"ladugardlive.se","next":"next.friikod.se","plex":"plex.friikod.se","strapi":"strapi.friikod.se"},"ip":"37.27.186.30","ip6":"2a01:4f9:c012:abe4::1","label":"friikod","name":"hetzvps","provider":"hcloud","ssh_key":"ssh-ed25519 AAAAC3NzaC1lZDI1NTE5AAAAICGavKgHzlln0r9APH/vyVQ5uGB+BXR6ybHoiAdLS+DY linus@nixos"}],"type":["tuple",[["object",{"domains":["object",{"auth-server":"string","calc-api":"string","friikod":"string","ladugardlive":"string","next":"string","plex":"string","strapi":"string"}],"ip":"string","ip6":"string","label":"string","name":"string","provider":"string","ssh_key":"string"}]]]}},"resources":[{"module":"module.friikod","mode":"managed","type":"cloudflare_dns_record","name":"default","provider":"module.friikod.provider[\"registry.opentofu.org/cloudflare/cloudflare\"]","instances":[{"schema_version":0,"attributes":{"comment":null,"comment_modified_on":null,"content":"37.27.186.30","created_on":"2024-11-08T13:49:00Z","data":null,"id":"f1dcd24d8b37fc8400e9c552afa53138","meta":"{}","modified_on":"2025-07-06T14:14:41Z","name":"friikod.se","priority":null,"proxiable":true,"proxied":true,"settings":{"flatten_cname":null,"ipv4_only":null,"ipv6_only":null},"tags":[],"tags_modified_on":null,"ttl":1,"type":"A","zone_id":"412e5fb3214f52d2e473ac47261eda50"},"sensitive_attributes":[],"dependencies":["module.friikod.cloudflare_zone.default","module.friikod.hcloud_server.nixos","module.friikod.hcloud_ssh_key.main"]}]},{"module":"module.friikod","mode":"managed","type":"cloudflare_dns_record","name":"default6","provider":"module.friikod.provider[\"registry.opentofu.org/cloudflare/cloudflare\"]","instances":[{"schema_version":0,"attributes":{"comment":null,"comment_modified_on":null,"content":"2a01:4f9:c012:abe4::1","created_on":"2025-07-06T14:14:43Z","data":null,"id":"55da565f96265c00647b5818fa892f7c","meta":"{}","modified_on":"2025-07-06T14:14:43Z","name":"friikod.se","priority":null,"proxiable":true,"proxied":true,"settings":{"flatten_cname":null,"ipv4_only":null,"ipv6_only":null},"tags":[],"tags_modified_on":null,"ttl":1,"type":"AAAA","zone_id":"412e5fb3214f52d2e473ac47261eda50"},"sensitive_attributes":[],"dependencies":["module.friikod.cloudflare_zone.default","module.friikod.hcloud_server.nixos","module.friikod.hcloud_ssh_key.main"]}]},{"module":"module.friikod","mode":"managed","type":"cloudflare_dns_record","name":"ladugardlive","provider":"module.friikod.provider[\"registry.opentofu.org/cloudflare/cloudflare\"]","instances":[{"schema_version":0,"attributes":{"comment":null,"comment_modified_on":null,"content":"37.27.186.30","created_on":"2024-11-10T21:27:45Z","data":null,"id":"b0dd24b7a7a099edb5c2073373cedf2e","meta":"{}","modified_on":"2025-07-06T14:14:42Z","name":"ladugardlive.se","priority":null,"proxiable":true,"proxied":true,"settings":{"flatten_cname":null,"ipv4_only":null,"ipv6_only":null},"tags":[],"tags_modified_on":null,"ttl":1,"type":"A","zone_id":"902769e71cc259d8e726426148358070"},"sensitive_attributes":[],"dependencies":["module.friikod.cloudflare_zone.ladugardlive","module.friikod.hcloud_server.nixos","module.friikod.hcloud_ssh_key.main"]}]},{"module":"module.friikod","mode":"managed","type":"cloudflare_dns_record","name":"ladugardlive-default6","provider":"module.friikod.provider[\"registry.opentofu.org/cloudflare/cloudflare\"]","instances":[{"schema_version":0,"attributes":{"comment":null,"comment_modified_on":null,"content":"2a01:4f9:c012:abe4::1","created_on":"2025-07-06T14:14:41Z","data":null,"id":"d76c67d75393524220f0802e4790361d","meta":"{}","modified_on":"2025-07-06T14:14:41Z","name":"ladugardlive.se","priority":null,"proxiable":true,"proxied":true,"settings":{"flatten_cname":null,"ipv4_only":null,"ipv6_only":null},"tags":[],"tags_modified_on":null,"ttl":1,"type":"AAAA","zone_id":"902769e71cc259d8e726426148358070"},"sensitive_attributes":[],"dependencies":["module.friikod.cloudflare_zone.ladugardlive","module.friikod.hcloud_server.nixos","module.friikod.hcloud_ssh_key.main"]}]},{"module":"module.friikod","mode":"managed","type":"cloudflare_dns_record","name":"ladugardlive-subdomain-www","provider":"module.friikod.provider[\"registry.opentofu.org/cloudflare/cloudflare\"]","instances":[{"schema_version":0,"attributes":{"comment":null,"comment_modified_on":null,"content":"37.27.186.30","created_on":"2025-02-27T19:21:44Z","data":null,"id":"91107d213514a93b88032dfe0986af45","meta":"{}","modified_on":"2025-07-06T14:14:42Z","name":"www.ladugardlive.se","priority":null,"proxiable":true,"proxied":true,"settings":{"flatten_cname":null,"ipv4_only":null,"ipv6_only":null},"tags":[],"tags_modified_on":null,"ttl":1,"type":"A","zone_id":"902769e71cc259d8e726426148358070"},"sensitive_attributes":[],"dependencies":["module.friikod.cloudflare_zone.ladugardlive","module.friikod.hcloud_server.nixos","module.friikod.hcloud_ssh_key.main"]}]},{"module":"module.friikod","mode":"managed","type":"cloudflare_dns_record","name":"ladugardlive-subdomain6-www","provider":"module.friikod.provider[\"registry.opentofu.org/cloudflare/cloudflare\"]","instances":[{"schema_version":0,"attributes":{"comment":null,"comment_modified_on":null,"content":"2a01:4f9:c012:abe4::1","created_on":"2025-07-06T14:14:41Z","data":null,"id":"28b51e7ec6dde7e7cd63a69ebb7181df","meta":"{}","modified_on":"2025-07-06T14:14:41Z","name":"www.ladugardlive.se","priority":null,"proxiable":true,"proxied":true,"settings":{"flatten_cname":null,"ipv4_only":null,"ipv6_only":null},"tags":[],"tags_modified_on":null,"ttl":1,"type":"AAAA","zone_id":"902769e71cc259d8e726426148358070"},"sensitive_attributes":[],"dependencies":["module.friikod.cloudflare_zone.ladugardlive","module.friikod.hcloud_server.nixos","module.friikod.hcloud_ssh_key.main"]}]},{"module":"module.friikod","mode":"managed","type":"cloudflare_dns_record","name":"subdomain-authserver","provider":"module.friikod.provider[\"registry.opentofu.org/cloudflare/cloudflare\"]","instances":[{"schema_version":0,"attributes":{"comment":null,"comment_modified_on":null,"content":"37.27.186.30","created_on":"2025-02-27T19:21:44Z","data":null,"id":"79fea4e6e220bc37c89be2edaea0b8d3","meta":"{}","modified_on":"2025-07-06T14:14:41Z","name":"auth-server.friikod.se","priority":null,"proxiable":true,"proxied":true,"settings":{"flatten_cname":null,"ipv4_only":null,"ipv6_only":null},"tags":[],"tags_modified_on":null,"ttl":1,"type":"A","zone_id":"412e5fb3214f52d2e473ac47261eda50"},"sensitive_attributes":[],"dependencies":["module.friikod.cloudflare_zone.default","module.friikod.hcloud_server.nixos","module.friikod.hcloud_ssh_key.main"]}]},{"module":"module.friikod","mode":"managed","type":"cloudflare_dns_record","name":"subdomain-calc","provider":"module.friikod.provider[\"registry.opentofu.org/cloudflare/cloudflare\"]","instances":[{"schema_version":0,"attributes":{"comment":null,"comment_modified_on":null,"content":"37.27.186.30","created_on":"2025-02-27T19:21:44Z","data":null,"id":"94825ee78b2f483e5c70a26135489ca6","meta":"{}","modified_on":"2025-07-06T14:14:41Z","name":"calc.friikod.se","priority":null,"proxiable":true,"proxied":true,"settings":{"flatten_cname":null,"ipv4_only":null,"ipv6_only":null},"tags":[],"tags_modified_on":null,"ttl":1,"type":"A","zone_id":"412e5fb3214f52d2e473ac47261eda50"},"sensitive_attributes":[],"dependencies":["module.friikod.cloudflare_zone.default","module.friikod.hcloud_server.nixos","module.friikod.hcloud_ssh_key.main"]}]},{"module":"module.friikod","mode":"managed","type":"cloudflare_dns_record","name":"subdomain-next","provider":"module.friikod.provider[\"registry.opentofu.org/cloudflare/cloudflare\"]","instances":[{"schema_version":0,"attributes":{"comment":null,"comment_modified_on":null,"content":"37.27.186.30","created_on":"2025-05-22T19:04:05Z","data":null,"id":"bc9f159ae725e1620a3549817318ecd3","meta":"{}","modified_on":"2025-07-06T14:14:41Z","name":"next.friikod.se","priority":null,"proxiable":true,"proxied":true,"settings":{"flatten_cname":null,"ipv4_only":null,"ipv6_only":null},"tags":[],"tags_modified_on":null,"ttl":1,"type":"A","zone_id":"412e5fb3214f52d2e473ac47261eda50"},"sensitive_attributes":[],"dependencies":["module.friikod.cloudflare_zone.default","module.friikod.hcloud_server.nixos","module.friikod.hcloud_ssh_key.main"]}]},{"module":"module.friikod","mode":"managed","type":"cloudflare_dns_record","name":"subdomain-plex","provider":"module.friikod.provider[\"registry.opentofu.org/cloudflare/cloudflare\"]","instances":[{"schema_version":0,"attributes":{"comment":null,"comment_modified_on":null,"content":"37.27.186.30","created_on":"2025-07-05T17:26:20Z","data":null,"id":"a71b8f4d84d05dd7a7bc10d498414d47","meta":"{}","modified_on":"2025-07-06T14:14:41Z","name":"plex.friikod.se","priority":null,"proxiable":true,"proxied":true,"settings":{"flatten_cname":null,"ipv4_only":null,"ipv6_only":null},"tags":[],"tags_modified_on":null,"ttl":1,"type":"A","zone_id":"412e5fb3214f52d2e473ac47261eda50"},"sensitive_attributes":[],"dependencies":["module.friikod.cloudflare_zone.default","module.friikod.hcloud_server.nixos","module.friikod.hcloud_ssh_key.main"]}]},{"module":"module.friikod","mode":"managed","type":"cloudflare_dns_record","name":"subdomain-strapi","provider":"module.friikod.provider[\"registry.opentofu.org/cloudflare/cloudflare\"]","instances":[{"schema_version":0,"attributes":{"comment":null,"comment_modified_on":null,"content":"37.27.186.30","created_on":"2025-05-21T18:39:28Z","data":null,"id":"72f316dce8e83ad425676c295b58d8b8","meta":"{}","modified_on":"2025-07-06T14:14:41Z","name":"strapi.friikod.se","priority":null,"proxiable":true,"proxied":true,"settings":{"flatten_cname":null,"ipv4_only":null,"ipv6_only":null},"tags":[],"tags_modified_on":null,"ttl":1,"type":"A","zone_id":"412e5fb3214f52d2e473ac47261eda50"},"sensitive_attributes":[],"dependencies":["module.friikod.cloudflare_zone.default","module.friikod.hcloud_server.nixos","module.friikod.hcloud_ssh_key.main"]}]},{"module":"module.friikod","mode":"managed","type":"cloudflare_dns_record","name":"subdomain-www","provider":"module.friikod.provider[\"registry.opentofu.org/cloudflare/cloudflare\"]","instances":[{"schema_version":0,"attributes":{"comment":null,"comment_modified_on":null,"content":"37.27.186.30","created_on":"2025-02-27T19:21:43Z","data":null,"id":"1b7724165c20e608a57fb4084bf1ce6e","meta":"{}","modified_on":"2025-07-06T14:14:41Z","name":"www.friikod.se","priority":null,"proxiable":true,"proxied":true,"settings":{"flatten_cname":null,"ipv4_only":null,"ipv6_only":null},"tags":[],"tags_modified_on":null,"ttl":1,"type":"A","zone_id":"412e5fb3214f52d2e473ac47261eda50"},"sensitive_attributes":[],"dependencies":["module.friikod.cloudflare_zone.default","module.friikod.hcloud_server.nixos","module.friikod.hcloud_ssh_key.main"]}]},{"module":"module.friikod","mode":"managed","type":"cloudflare_dns_record","name":"subdomain6-www","provider":"module.friikod.provider[\"registry.opentofu.org/cloudflare/cloudflare\"]","instances":[{"schema_version":0,"attributes":{"comment":null,"comment_modified_on":null,"content":"2a01:4f9:c012:abe4::1","created_on":"2025-07-06T14:14:41Z","data":null,"id":"d2a3db9a12621eabfd8dfdad721e6fc8","meta":"{}","modified_on":"2025-07-06T14:14:41Z","name":"www.friikod.se","priority":null,"proxiable":true,"proxied":true,"settings":{"flatten_cname":null,"ipv4_only":null,"ipv6_only":null},"tags":[],"tags_modified_on":null,"ttl":1,"type":"AAAA","zone_id":"412e5fb3214f52d2e473ac47261eda50"},"sensitive_attributes":[],"dependencies":["module.friikod.cloudflare_zone.default","module.friikod.hcloud_server.nixos","module.friikod.hcloud_ssh_key.main"]}]},{"module":"module.friikod","mode":"managed","type":"cloudflare_zone","name":"default","provider":"module.friikod.provider[\"registry.opentofu.org/cloudflare/cloudflare\"]","instances":[{"schema_version":0,"attributes":{"account":{"id":"912391589165daea759d3cdcea0c7ced"},"activated_on":"2024-10-24T19:32:25Z","cname_suffix":null,"created_on":"2024-10-24T17:44:32Z","development_mode":0,"id":"412e5fb3214f52d2e473ac47261eda50","meta":{"cdn_only":null,"custom_certificate_quota":0,"dns_only":null,"foundation_dns":null,"page_rule_quota":3,"phishing_detected":false,"step":2},"modified_on":"2024-10-24T19:32:25Z","name":"friikod.se","name_servers":["guss.ns.cloudflare.com","vivienne.ns.cloudflare.com"],"original_dnshost":null,"original_name_servers":["dns1.oderland.com","dns2.oderland.com","dns3.oderland.com"],"original_registrar":"oderland (id: )","owner":{"id":null,"name":null,"type":"user"},"paused":false,"permissions":["#dns_records:edit","#dns_records:read","#zone_settings:read","#zone_settings:edit","#page_shield:read","#ssl:read","#page_shield:edit","#zone:edit","#zone:read"],"plan":{"can_subscribe":false,"currency":"USD","externally_managed":false,"frequency":"","id":"0feeeeeeeeeeeeeeeeeeeeeeeeeeeeee","is_subscribed":false,"legacy_discount":false,"legacy_id":"free","name":"Free Website","price":0},"status":"active","tenant":{"id":null,"name":null},"tenant_unit":{"id":null},"type":"full","vanity_name_servers":null,"verification_key":null},"sensitive_attributes":[]}]},{"module":"module.friikod","mode":"managed","type":"cloudflare_zone","name":"ladugardlive","provider":"module.friikod.provider[\"registry.opentofu.org/cloudflare/cloudflare\"]","instances":[{"schema_version":0,"attributes":{"account":{"id":"912391589165daea759d3cdcea0c7ced"},"activated_on":"2024-11-10T19:10:03Z","cname_suffix":null,"created_on":"2024-11-10T18:43:43Z","development_mode":0,"id":"902769e71cc259d8e726426148358070","meta":{"cdn_only":null,"custom_certificate_quota":0,"dns_only":null,"foundation_dns":null,"page_rule_quota":3,"phishing_detected":false,"step":2},"modified_on":"2024-11-10T19:10:03Z","name":"ladugardlive.se","name_servers":["guss.ns.cloudflare.com","vivienne.ns.cloudflare.com"],"original_dnshost":null,"original_name_servers":["dns1.oderland.com","dns2.oderland.com","dns3.oderland.com"],"original_registrar":"oderland (id: )","owner":{"id":null,"name":null,"type":"user"},"paused":false,"permissions":["#dns_records:edit","#dns_records:read","#zone_settings:read","#zone_settings:edit","#page_shield:read","#ssl:read","#page_shield:edit","#zone:edit","#zone:read"],"plan":{"can_subscribe":false,"currency":"USD","externally_managed":false,"frequency":"","id":"0feeeeeeeeeeeeeeeeeeeeeeeeeeeeee","is_subscribed":false,"legacy_discount":false,"legacy_id":"free","name":"Free Website","price":0},"status":"active","tenant":{"id":null,"name":null},"tenant_unit":{"id":null},"type":"full","vanity_name_servers":null,"verification_key":null},"sensitive_attributes":[]}]},{"module":"module.friikod","mode":"managed","type":"hcloud_server","name":"nixos","provider":"provider[\"registry.opentofu.org/opentofu/hcloud\"]","instances":[{"schema_version":0,"attributes":{"allow_deprecated_images":false,"backup_window":"","backups":false,"datacenter":"hel1-dc2","delete_protection":false,"firewall_ids":[],"id":"60566838","ignore_remote_firewall_ids":false,"image":"ubuntu-22.04","ipv4_address":"37.27.186.30","ipv6_address":"2a01:4f9:c012:abe4::1","ipv6_network":"2a01:4f9:c012:abe4::/64","iso":null,"keep_disk":false,"labels":{"label":"seed"},"location":"hel1","name":"hetzvps","network":[],"placement_group_id":0,"primary_disk_size":160,"public_net":[{"ipv4":0,"ipv4_enabled":true,"ipv6":0,"ipv6_enabled":true}],"rebuild_protection":false,"rescue":null,"server_type":"cpx31","shutdown_before_deletion":false,"ssh_keys":null,"status":"running","timeouts":null,"user_data":null},"sensitive_attributes":[],"private":"eyJlMmJmYjczMC1lY2FhLTExZTYtOGY4OC0zNDM2M2JjN2M0YzAiOnsiY3JlYXRlIjo1NDAwMDAwMDAwMDAwfX0=","dependencies":["module.friikod.hcloud_ssh_key.main"]}]},{"module":"module.friikod","mode":"managed","type":"hcloud_ssh_key","name":"main","provider":"provider[\"registry.opentofu.org/opentofu/hcloud\"]","instances":[{"schema_version":0,"attributes":{"fingerprint":"b7:d3:aa:7a:6c:c3:ab:c3:fd:00:66:b6:7a:2e:c9:e0","id":"27645763","labels":{},"name":"main_ssh","public_key":"ssh-ed25519 AAAAC3NzaC1lZDI1NTE5AAAAICGavKgHzlln0r9APH/vyVQ5uGB+BXR6ybHoiAdLS+DY linus@nixos"},"sensitive_attributes":[]}]}],"check_results":null}
